
Microsoft Visual Studio Solution File, Format Version 12.00
# Visual Studio Version 16
VisualStudioVersion = 16.0.30907.101
MinimumVisualStudioVersion = 10.0.40219.1
Project("{9A19103F-16F7-4668-BE54-9A1E7A4F7556}") = "Business", "Business\Business.csproj", "{B481DB02-9006-419C-BF62-6CA83DC39543}"
EndProject
Project("{9A19103F-16F7-4668-BE54-9A1E7A4F7556}") = "DataAccess", "DataAccess\DataAccess.csproj", "{4C4ECE3A-6597-4FE4-A503-7A8179F2D15A}"
EndProject
Project("{9A19103F-16F7-4668-BE54-9A1E7A4F7556}") = "Entities", "Entities\Entities.csproj", "{557703B2-337B-4EB4-B0DB-A88DEA17F68F}"
EndProject
Project("{9A19103F-16F7-4668-BE54-9A1E7A4F7556}") = "ConsoleTest", "ConsoleTest\ConsoleTest.csproj", "{42A81990-40E4-4D47-95E9-C1B478980A39}"
EndProject
Project("{9A19103F-16F7-4668-BE54-9A1E7A4F7556}") = "Core", "Core\Core.csproj", "{04C8B715-1C22-410F-B9D6-06FF8D1B162A}"
EndProject
Project("{FAE04EC0-301F-11D3-BF4B-00C04F79EFBC}") = "WebAPI", "WebAPI\WebAPI.csproj", "{F5E1A0D6-6EB6-42F3-992E-1851847A1E70}"
EndProject
Global
	GlobalSection(SolutionConfigurationPlatforms) = preSolution
		Debug|Any CPU = Debug|Any CPU
		Release|Any CPU = Release|Any CPU
	EndGlobalSection
	GlobalSection(ProjectConfigurationPlatforms) = postSolution
		{B481DB02-9006-419C-BF62-6CA83DC39543}.Debug|Any CPU.ActiveCfg = Debug|Any CPU
		{B481DB02-9006-419C-BF62-6CA83DC39543}.Debug|Any CPU.Build.0 = Debug|Any CPU
		{B481DB02-9006-419C-BF62-6CA83DC39543}.Release|Any CPU.ActiveCfg = Release|Any CPU
		{B481DB02-9006-419C-BF62-6CA83DC39543}.Release|Any CPU.Build.0 = Release|Any CPU
		{4C4ECE3A-6597-4FE4-A503-7A8179F2D15A}.Debug|Any CPU.ActiveCfg = Debug|Any CPU
		{4C4ECE3A-6597-4FE4-A503-7A8179F2D15A}.Debug|Any CPU.Build.0 = Debug|Any CPU
		{4C4ECE3A-6597-4FE4-A503-7A8179F2D15A}.Release|Any CPU.ActiveCfg = Release|Any CPU
		{4C4ECE3A-6597-4FE4-A503-7A8179F2D15A}.Release|Any CPU.Build.0 = Release|Any CPU
		{557703B2-337B-4EB4-B0DB-A88DEA17F68F}.Debug|Any CPU.ActiveCfg = Debug|Any CPU
		{557703B2-337B-4EB4-B0DB-A88DEA17F68F}.Debug|Any CPU.Build.0 = Debug|Any CPU
		{557703B2-337B-4EB4-B0DB-A88DEA17F68F}.Release|Any CPU.ActiveCfg = Release|Any CPU
		{557703B2-337B-4EB4-B0DB-A88DEA17F68F}.Release|Any CPU.Build.0 = Release|Any CPU
		{42A81990-40E4-4D47-95E9-C1B478980A39}.Debug|Any CPU.ActiveCfg = Debug|Any CPU
		{42A81990-40E4-4D47-95E9-C1B478980A39}.Debug|Any CPU.Build.0 = Debug|Any CPU
		{42A81990-40E4-4D47-95E9-C1B478980A39}.Release|Any CPU.ActiveCfg = Release|Any CPU
		{42A81990-40E4-4D47-95E9-C1B478980A39}.Release|Any CPU.Build.0 = Release|Any CPU
		{04C8B715-1C22-410F-B9D6-06FF8D1B162A}.Debug|Any CPU.ActiveCfg = Debug|Any CPU
		{04C8B715-1C22-410F-B9D6-06FF8D1B162A}.Debug|Any CPU.Build.0 = Debug|Any CPU
		{04C8B715-1C22-410F-B9D6-06FF8D1B162A}.Release|Any CPU.ActiveCfg = Release|Any CPU
		{04C8B715-1C22-410F-B9D6-06FF8D1B162A}.Release|Any CPU.Build.0 = Release|Any CPU
		{F5E1A0D6-6EB6-42F3-992E-1851847A1E70}.Debug|Any CPU.ActiveCfg = Debug|Any CPU
		{F5E1A0D6-6EB6-42F3-992E-1851847A1E70}.Debug|Any CPU.Build.0 = Debug|Any CPU
		{F5E1A0D6-6EB6-42F3-992E-1851847A1E70}.Release|Any CPU.ActiveCfg = Release|Any CPU
		{F5E1A0D6-6EB6-42F3-992E-1851847A1E70}.Release|Any CPU.Build.0 = Release|Any CPU
	EndGlobalSection
	GlobalSection(SolutionProperties) = preSolution
		HideSolutionNode = FALSE
	EndGlobalSection
	GlobalSection(ExtensibilityGlobals) = postSolution
		SolutionGuid = {F76CCE48-36B5-4DC3-9D81-D4654D4A0038}
	EndGlobalSection
EndGlobal
